
Microsoft Visual Studio Solution File, Format Version 12.00
# Visual Studio 14
VisualStudioVersion = 14.0.25123.0
MinimumVisualStudioVersion = 10.0.40219.1
Project("{FAE04EC0-301F-11D3-BF4B-00C04F79EFBC}") = "Tharga.SizeExplorer", "Tharga.SizeExplorer\Tharga.SizeExplorer.csproj", "{7AE483C3-D985-4BDB-A388-E05A9F267924}"
EndProject
Global
	GlobalSection(SolutionConfigurationPlatforms) = preSolution
		Debug|Any CPU = Debug|Any CPU
		Release|Any CPU = Release|Any CPU
	EndGlobalSection
	GlobalSection(ProjectConfigurationPlatforms) = postSolution
		{7AE483C3-D985-4BDB-A388-E05A9F267924}.Debug|Any CPU.ActiveCfg = Debug|Any CPU
		{7AE483C3-D985-4BDB-A388-E05A9F267924}.Debug|Any CPU.Build.0 = Debug|Any CPU
		{7AE483C3-D985-4BDB-A388-E05A9F267924}.Release|Any CPU.ActiveCfg = Release|Any CPU
		{7AE483C3-D985-4BDB-A388-E05A9F267924}.Release|Any CPU.Build.0 = Release|Any CPU
	EndGlobalSection
	GlobalSection(SolutionProperties) = preSolution
		HideSolutionNode = FALSE
	EndGlobalSection
EndGlobal
